
Microsoft Visual Studio Solution File, Format Version 12.00
# Visual Studio 15
VisualStudioVersion = 15.0.28307.645
MinimumVisualStudioVersion = 10.0.40219.1
Project("{FAE04EC0-301F-11D3-BF4B-00C04F79EFBC}") = "Exemplo01", "Exemplo01\Exemplo01.csproj", "{745753F1-7EDE-4FA2-B1AD-A5AFF27F90EE}"
EndProject
Global
	GlobalSection(SolutionConfigurationPlatforms) = preSolution
		Debug|Any CPU = Debug|Any CPU
		Release|Any CPU = Release|Any CPU
	EndGlobalSection
	GlobalSection(ProjectConfigurationPlatforms) = postSolution
		{745753F1-7EDE-4FA2-B1AD-A5AFF27F90EE}.Debug|Any CPU.ActiveCfg = Debug|Any CPU
		{745753F1-7EDE-4FA2-B1AD-A5AFF27F90EE}.Debug|Any CPU.Build.0 = Debug|Any CPU
		{745753F1-7EDE-4FA2-B1AD-A5AFF27F90EE}.Release|Any CPU.ActiveCfg = Release|Any CPU
		{745753F1-7EDE-4FA2-B1AD-A5AFF27F90EE}.Release|Any CPU.Build.0 = Release|Any CPU
	EndGlobalSection
	GlobalSection(SolutionProperties) = preSolution
		HideSolutionNode = FALSE
	EndGlobalSection
	GlobalSection(ExtensibilityGlobals) = postSolution
		SolutionGuid = {4792C5BD-B748-48A7-8DA9-D232366E28C6}
	EndGlobalSection
EndGlobal
